// !$*UTF8*$!
{
	archiveVersion = 1;
	classes = {
	};
	objectVersion = 56;
	objects = {

/* Begin PBXBuildFile section */
		2CFD73B229D9D2A100728603 /* ETH_ToolkitApp.swift in Sources */ = {isa = PBXBuildFile; fileRef = 2CFD73B129D9D2A100728603 /* ETH_ToolkitApp.swift */; };
		2CFD73B429D9D2A100728603 /* ContentView.swift in Sources */ = {isa = PBXBuildFile; fileRef = 2CFD73B329D9D2A100728603 /* ContentView.swift */; };
		2CFD73B629D9D2A400728603 /* Assets.xcassets in Resources */ = {isa = PBXBuildFile; fileRef = 2CFD73B529D9D2A400728603 /* Assets.xcassets */; };
		2CFD73BA29D9D2A400728603 /* Preview Assets.xcassets in Resources */ = {isa = PBXBuildFile; fileRef = 2CFD73B929D9D2A400728603 /* Preview Assets.xcassets */; };
		2CFD73C229D9D35800728603 /* BetterNavigation in Frameworks */ = {isa = PBXBuildFile; productRef = 2CFD73C129D9D35800728603 /* BetterNavigation */; };
		2CFD73C529D9D39C00728603 /* Screens.swift in Sources */ = {isa = PBXBuildFile; fileRef = 2CFD73C429D9D39C00728603 /* Screens.swift */; };
		2CFD73C929D9D4A800728603 /* MainView.swift in Sources */ = {isa = PBXBuildFile; fileRef = 2CFD73C829D9D4A800728603 /* MainView.swift */; };
		2CFD73CC29D9D50900728603 /* SalmonUI in Frameworks */ = {isa = PBXBuildFile; productRef = 2CFD73CB29D9D50900728603 /* SalmonUI */; };
		2CFD73CF29D9D53000728603 /* WeiCalculatorScreen.swift in Sources */ = {isa = PBXBuildFile; fileRef = 2CFD73CE29D9D53000728603 /* WeiCalculatorScreen.swift */; };
		2CFD73D129D9D59600728603 /* Sidebar.swift in Sources */ = {isa = PBXBuildFile; fileRef = 2CFD73D029D9D59600728603 /* Sidebar.swift */; };
		2CFD73D329D9DDA600728603 /* UnitField.swift in Sources */ = {isa = PBXBuildFile; fileRef = 2CFD73D229D9DDA600728603 /* UnitField.swift */; };
		2CFD73D629D9E2FE00728603 /* String+extensions.swift in Sources */ = {isa = PBXBuildFile; fileRef = 2CFD73D529D9E2FE00728603 /* String+extensions.swift */; };
/* End PBXBuildFile section */

/* Begin PBXFileReference section */
		2CFD73AE29D9D2A100728603 /* ETH-Toolkit.app */ = {isa = PBXFileReference; explicitFileType = wrapper.application; includeInIndex = 0; path = "ETH-Toolkit.app"; sourceTree = BUILT_PRODUCTS_DIR; };
		2CFD73B129D9D2A100728603 /* ETH_ToolkitApp.swift */ = {isa = PBXFileReference; lastKnownFileType = sourcecode.swift; path = ETH_ToolkitApp.swift; sourceTree = "<group>"; };
		2CFD73B329D9D2A100728603 /* ContentView.swift */ = {isa = PBXFileReference; lastKnownFileType = sourcecode.swift; path = ContentView.swift; sourceTree = "<group>"; };
		2CFD73B529D9D2A400728603 /* Assets.xcassets */ = {isa = PBXFileReference; lastKnownFileType = folder.assetcatalog; path = Assets.xcassets; sourceTree = "<group>"; };
		2CFD73B729D9D2A400728603 /* ETH_Toolkit.entitlements */ = {isa = PBXFileReference; lastKnownFileType = text.plist.entitlements; path = ETH_Toolkit.entitlements; sourceTree = "<group>"; };
		2CFD73B929D9D2A400728603 /* Preview Assets.xcassets */ = {isa = PBXFileReference; lastKnownFileType = folder.assetcatalog; path = "Preview Assets.xcassets"; sourceTree = "<group>"; };
		2CFD73C429D9D39C00728603 /* Screens.swift */ = {isa = PBXFileReference; lastKnownFileType = sourcecode.swift; path = Screens.swift; sourceTree = "<group>"; };
		2CFD73C829D9D4A800728603 /* MainView.swift */ = {isa = PBXFileReference; lastKnownFileType = sourcecode.swift; path = MainView.swift; sourceTree = "<group>"; };
		2CFD73CE29D9D53000728603 /* WeiCalculatorScreen.swift */ = {isa = PBXFileReference; lastKnownFileType = sourcecode.swift; path = WeiCalculatorScreen.swift; sourceTree = "<group>"; };
		2CFD73D029D9D59600728603 /* Sidebar.swift */ = {isa = PBXFileReference; lastKnownFileType = sourcecode.swift; path = Sidebar.swift; sourceTree = "<group>"; };
		2CFD73D229D9DDA600728603 /* UnitField.swift */ = {isa = PBXFileReference; lastKnownFileType = sourcecode.swift; path = UnitField.swift; sourceTree = "<group>"; };
		2CFD73D529D9E2FE00728603 /* String+extensions.swift */ = {isa = PBXFileReference; lastKnownFileType = sourcecode.swift; path = "String+extensions.swift"; sourceTree = "<group>"; };
/* End PBXFileReference section */

/* Begin PBXFrameworksBuildPhase section */
		2CFD73AB29D9D2A100728603 /* Frameworks */ = {
			isa = PBXFrameworksBuildPhase;
			buildActionMask = 2147483647;
			files = (
				2CFD73CC29D9D50900728603 /* SalmonUI in Frameworks */,
				2CFD73C229D9D35800728603 /* BetterNavigation in Frameworks */,
			);
			runOnlyForDeploymentPostprocessing = 0;
		};
/* End PBXFrameworksBuildPhase section */

/* Begin PBXGroup section */
		2CFD73A529D9D2A100728603 = {
			isa = PBXGroup;
			children = (
				2CFD73B029D9D2A100728603 /* ETH-Toolkit */,
				2CFD73AF29D9D2A100728603 /* Products */,
			);
			sourceTree = "<group>";
		};
		2CFD73AF29D9D2A100728603 /* Products */ = {
			isa = PBXGroup;
			children = (
				2CFD73AE29D9D2A100728603 /* ETH-Toolkit.app */,
			);
			name = Products;
			sourceTree = "<group>";
		};
		2CFD73B029D9D2A100728603 /* ETH-Toolkit */ = {
			isa = PBXGroup;
			children = (
				2CFD73B729D9D2A400728603 /* ETH_Toolkit.entitlements */,
				2CFD73B329D9D2A100728603 /* ContentView.swift */,
				2CFD73B129D9D2A100728603 /* ETH_ToolkitApp.swift */,
				2CFD73B529D9D2A400728603 /* Assets.xcassets */,
				2CFD73C329D9D38E00728603 /* Enumerations */,
				2CFD73D429D9E2E600728603 /* Extensions */,
				2CFD73B829D9D2A400728603 /* Preview Content */,
				2CFD73C629D9D49400728603 /* Views */,
			);
			path = "ETH-Toolkit";
			sourceTree = "<group>";
		};
		2CFD73B829D9D2A400728603 /* Preview Content */ = {
			isa = PBXGroup;
			children = (
				2CFD73B929D9D2A400728603 /* Preview Assets.xcassets */,
			);
			path = "Preview Content";
			sourceTree = "<group>";
		};
		2CFD73C329D9D38E00728603 /* Enumerations */ = {
			isa = PBXGroup;
			children = (
				2CFD73C429D9D39C00728603 /* Screens.swift */,
			);
			path = Enumerations;
			sourceTree = "<group>";
		};
		2CFD73C629D9D49400728603 /* Views */ = {
			isa = PBXGroup;
			children = (
				2CFD73CD29D9D51800728603 /* Screens */,
				2CFD73C729D9D49900728603 /* SupportingViews */,
			);
			path = Views;
			sourceTree = "<group>";
		};
		2CFD73C729D9D49900728603 /* SupportingViews */ = {
			isa = PBXGroup;
			children = (
				2CFD73C829D9D4A800728603 /* MainView.swift */,
				2CFD73D029D9D59600728603 /* Sidebar.swift */,
				2CFD73D229D9DDA600728603 /* UnitField.swift */,
			);
			path = SupportingViews;
			sourceTree = "<group>";
		};
		2CFD73CD29D9D51800728603 /* Screens */ = {
			isa = PBXGroup;
			children = (
				2CFD73CE29D9D53000728603 /* WeiCalculatorScreen.swift */,
			);
			path = Screens;
			sourceTree = "<group>";
		};
		2CFD73D429D9E2E600728603 /* Extensions */ = {
			isa = PBXGroup;
			children = (
				2CFD73D529D9E2FE00728603 /* String+extensions.swift */,
			);
			path = Extensions;
			sourceTree = "<group>";
		};
/* End PBXGroup section */

/* Begin PBXNativeTarget section */
		2CFD73AD29D9D2A100728603 /* ETH-Toolkit */ = {
			isa = PBXNativeTarget;
			buildConfigurationList = 2CFD73BD29D9D2A400728603 /* Build configuration list for PBXNativeTarget "ETH-Toolkit" */;
			buildPhases = (
				2CFD73AA29D9D2A100728603 /* Sources */,
				2CFD73AB29D9D2A100728603 /* Frameworks */,
				2CFD73AC29D9D2A100728603 /* Resources */,
			);
			buildRules = (
			);
			dependencies = (
			);
			name = "ETH-Toolkit";
			packageProductDependencies = (
				2CFD73C129D9D35800728603 /* BetterNavigation */,
				2CFD73CB29D9D50900728603 /* SalmonUI */,
			);
			productName = "ETH-Toolkit";
			productReference = 2CFD73AE29D9D2A100728603 /* ETH-Toolkit.app */;
			productType = "com.apple.product-type.application";
		};
/* End PBXNativeTarget section */

/* Begin PBXProject section */
		2CFD73A629D9D2A100728603 /* Project object */ = {
			isa = PBXProject;
			attributes = {
				BuildIndependentTargetsInParallel = 1;
				LastSwiftUpdateCheck = 1420;
				LastUpgradeCheck = 1420;
				TargetAttributes = {
					2CFD73AD29D9D2A100728603 = {
						CreatedOnToolsVersion = 14.2;
					};
				};
			};
			buildConfigurationList = 2CFD73A929D9D2A100728603 /* Build configuration list for PBXProject "ETH-Toolkit" */;
			compatibilityVersion = "Xcode 14.0";
			developmentRegion = en;
			hasScannedForEncodings = 0;
			knownRegions = (
				en,
				Base,
			);
			mainGroup = 2CFD73A529D9D2A100728603;
			packageReferences = (
				2CFD73C029D9D35800728603 /* XCRemoteSwiftPackageReference "BetterNavigation" */,
				2CFD73CA29D9D50900728603 /* XCRemoteSwiftPackageReference "SalmonUI" */,
			);
			productRefGroup = 2CFD73AF29D9D2A100728603 /* Products */;
			projectDirPath = "";
			projectRoot = "";
			targets = (
				2CFD73AD29D9D2A100728603 /* ETH-Toolkit */,
			);
		};
/* End PBXProject section */

/* Begin PBXResourcesBuildPhase section */
		2CFD73AC29D9D2A100728603 /* Resources */ = {
			isa = PBXResourcesBuildPhase;
			buildActionMask = 2147483647;
			files = (
				2CFD73BA29D9D2A400728603 /* Preview Assets.xcassets in Resources */,
				2CFD73B629D9D2A400728603 /* Assets.xcassets in Resources */,
			);
			runOnlyForDeploymentPostprocessing = 0;
		};
/* End PBXResourcesBuildPhase section */

/* Begin PBXSourcesBuildPhase section */
		2CFD73AA29D9D2A100728603 /* Sources */ = {
			isa = PBXSourcesBuildPhase;
			buildActionMask = 2147483647;
			files = (
				2CFD73C529D9D39C00728603 /* Screens.swift in Sources */,
				2CFD73D329D9DDA600728603 /* UnitField.swift in Sources */,
				2CFD73C929D9D4A800728603 /* MainView.swift in Sources */,
				2CFD73CF29D9D53000728603 /* WeiCalculatorScreen.swift in Sources */,
				2CFD73D629D9E2FE00728603 /* String+extensions.swift in Sources */,
				2CFD73B429D9D2A100728603 /* ContentView.swift in Sources */,
				2CFD73D129D9D59600728603 /* Sidebar.swift in Sources */,
				2CFD73B229D9D2A100728603 /* ETH_ToolkitApp.swift in Sources */,
			);
			runOnlyForDeploymentPostprocessing = 0;
		};
/* End PBXSourcesBuildPhase section */

/* Begin XCBuildConfiguration section */
		2CFD73BB29D9D2A400728603 /* Debug */ = {
			isa = XCBuildConfiguration;
			buildSettings = {
				ALWAYS_SEARCH_USER_PATHS = NO;
				CLANG_ANALYZER_NONNULL = YES;
				CLANG_ANALYZER_NUMBER_OBJECT_CONVERSION = YES_AGGRESSIVE;
				CLANG_CXX_LANGUAGE_STANDARD = "gnu++20";
				CLANG_ENABLE_MODULES = YES;
				CLANG_ENABLE_OBJC_ARC = YES;
				CLANG_ENABLE_OBJC_WEAK = YES;
				CLANG_WARN_BLOCK_CAPTURE_AUTORELEASING = YES;
				CLANG_WARN_BOOL_CONVERSION = YES;
				CLANG_WARN_COMMA = YES;
				CLANG_WARN_CONSTANT_CONVERSION = YES;
				CLANG_WARN_DEPRECATED_OBJC_IMPLEMENTATIONS = YES;
				CLANG_WARN_DIRECT_OBJC_ISA_USAGE = YES_ERROR;
				CLANG_WARN_DOCUMENTATION_COMMENTS = YES;
				CLANG_WARN_EMPTY_BODY = YES;
				CLANG_WARN_ENUM_CONVERSION = YES;
				CLANG_WARN_INFINITE_RECURSION = YES;
				CLANG_WARN_INT_CONVERSION = YES;
				CLANG_WARN_NON_LITERAL_NULL_CONVERSION = YES;
				CLANG_WARN_OBJC_IMPLICIT_RETAIN_SELF = YES;
				CLANG_WARN_OBJC_LITERAL_CONVERSION = YES;
				CLANG_WARN_OBJC_ROOT_CLASS = YES_ERROR;
				CLANG_WARN_QUOTED_INCLUDE_IN_FRAMEWORK_HEADER = YES;
				CLANG_WARN_RANGE_LOOP_ANALYSIS = YES;
				CLANG_WARN_STRICT_PROTOTYPES = YES;
				CLANG_WARN_SUSPICIOUS_MOVE = YES;
				CLANG_WARN_UNGUARDED_AVAILABILITY = YES_AGGRESSIVE;
				CLANG_WARN_UNREACHABLE_CODE = YES;
				CLANG_WARN__DUPLICATE_METHOD_MATCH = YES;
				COPY_PHASE_STRIP = NO;
				DEBUG_INFORMATION_FORMAT = dwarf;
				ENABLE_STRICT_OBJC_MSGSEND = YES;
				ENABLE_TESTABILITY = YES;
				GCC_C_LANGUAGE_STANDARD = gnu11;
				GCC_DYNAMIC_NO_PIC = NO;
				GCC_NO_COMMON_BLOCKS = YES;
				GCC_OPTIMIZATION_LEVEL = 0;
				GCC_PREPROCESSOR_DEFINITIONS = (
					"DEBUG=1",
					"$(inherited)",
				);
				GCC_WARN_64_TO_32_BIT_CONVERSION = YES;
				GCC_WARN_ABOUT_RETURN_TYPE = YES_ERROR;
				GCC_WARN_UNDECLARED_SELECTOR = YES;
				GCC_WARN_UNINITIALIZED_AUTOS = YES_AGGRESSIVE;
				GCC_WARN_UNUSED_FUNCTION = YES;
				GCC_WARN_UNUSED_VARIABLE = YES;
				MTL_ENABLE_DEBUG_INFO = INCLUDE_SOURCE;
				MTL_FAST_MATH = YES;
				ONLY_ACTIVE_ARCH = YES;
				SWIFT_ACTIVE_COMPILATION_CONDITIONS = DEBUG;
				SWIFT_OPTIMIZATION_LEVEL = "-Onone";
			};
			name = Debug;
		};
		2CFD73BC29D9D2A400728603 /* Release */ = {
			isa = XCBuildConfiguration;
			buildSettings = {
				ALWAYS_SEARCH_USER_PATHS = NO;
				CLANG_ANALYZER_NONNULL = YES;
				CLANG_ANALYZER_NUMBER_OBJECT_CONVERSION = YES_AGGRESSIVE;
				CLANG_CXX_LANGUAGE_STANDARD = "gnu++20";
				CLANG_ENABLE_MODULES = YES;
				CLANG_ENABLE_OBJC_ARC = YES;
				CLANG_ENABLE_OBJC_WEAK = YES;
				CLANG_WARN_BLOCK_CAPTURE_AUTORELEASING = YES;
				CLANG_WARN_BOOL_CONVERSION = YES;
				CLANG_WARN_COMMA = YES;
				CLANG_WARN_CONSTANT_CONVERSION = YES;
				CLANG_WARN_DEPRECATED_OBJC_IMPLEMENTATIONS = YES;
				CLANG_WARN_DIRECT_OBJC_ISA_USAGE = YES_ERROR;
				CLANG_WARN_DOCUMENTATION_COMMENTS = YES;
				CLANG_WARN_EMPTY_BODY = YES;
				CLANG_WARN_ENUM_CONVERSION = YES;
				CLANG_WARN_INFINITE_RECURSION = YES;
				CLANG_WARN_INT_CONVERSION = YES;
				CLANG_WARN_NON_LITERAL_NULL_CONVERSION = YES;
				CLANG_WARN_OBJC_IMPLICIT_RETAIN_SELF = YES;
				CLANG_WARN_OBJC_LITERAL_CONVERSION = YES;
				CLANG_WARN_OBJC_ROOT_CLASS = YES_ERROR;
				CLANG_WARN_QUOTED_INCLUDE_IN_FRAMEWORK_HEADER = YES;
				CLANG_WARN_RANGE_LOOP_ANALYSIS = YES;
				CLANG_WARN_STRICT_PROTOTYPES = YES;
				CLANG_WARN_SUSPICIOUS_MOVE = YES;
				CLANG_WARN_UNGUARDED_AVAILABILITY = YES_AGGRESSIVE;
				CLANG_WARN_UNREACHABLE_CODE = YES;
				CLANG_WARN__DUPLICATE_METHOD_MATCH = YES;
				COPY_PHASE_STRIP = NO;
				DEBUG_INFORMATION_FORMAT = "dwarf-with-dsym";
				ENABLE_NS_ASSERTIONS = NO;
				ENABLE_STRICT_OBJC_MSGSEND = YES;
				GCC_C_LANGUAGE_STANDARD = gnu11;
				GCC_NO_COMMON_BLOCKS = YES;
				GCC_WARN_64_TO_32_BIT_CONVERSION = YES;
				GCC_WARN_ABOUT_RETURN_TYPE = YES_ERROR;
				GCC_WARN_UNDECLARED_SELECTOR = YES;
				GCC_WARN_UNINITIALIZED_AUTOS = YES_AGGRESSIVE;
				GCC_WARN_UNUSED_FUNCTION = YES;
				GCC_WARN_UNUSED_VARIABLE = YES;
				MTL_ENABLE_DEBUG_INFO = NO;
				MTL_FAST_MATH = YES;
				SWIFT_COMPILATION_MODE = wholemodule;
				SWIFT_OPTIMIZATION_LEVEL = "-O";
			};
			name = Release;
		};
		2CFD73BE29D9D2A400728603 /* Debug */ = {
			isa = XCBuildConfiguration;
			buildSettings = {
				ASSETCATALOG_COMPILER_APPICON_NAME = AppIcon;
				ASSETCATALOG_COMPILER_GLOBAL_ACCENT_COLOR_NAME = AccentColor;
				CODE_SIGN_ENTITLEMENTS = "ETH-Toolkit/ETH_Toolkit.entitlements";
				CODE_SIGN_STYLE = Automatic;
				CURRENT_PROJECT_VERSION = 1;
				DEVELOPMENT_ASSET_PATHS = "\"ETH-Toolkit/Preview Content\"";
				DEVELOPMENT_TEAM = DXUKH9VF73;
				ENABLE_HARDENED_RUNTIME = YES;
				ENABLE_PREVIEWS = YES;
				GENERATE_INFOPLIST_FILE = YES;
				"INFOPLIST_KEY_UIApplicationSceneManifest_Generation[sdk=iphoneos*]" = YES;
				"INFOPLIST_KEY_UIApplicationSceneManifest_Generation[sdk=iphonesimulator*]" = YES;
				"INFOPLIST_KEY_UIApplicationSupportsIndirectInputEvents[sdk=iphoneos*]" = YES;
				"INFOPLIST_KEY_UIApplicationSupportsIndirectInputEvents[sdk=iphonesimulator*]" = YES;
				"INFOPLIST_KEY_UILaunchScreen_Generation[sdk=iphoneos*]" = YES;
				"INFOPLIST_KEY_UILaunchScreen_Generation[sdk=iphonesimulator*]" = YES;
				"INFOPLIST_KEY_UIStatusBarStyle[sdk=iphoneos*]" = UIStatusBarStyleDefault;
				"INFOPLIST_KEY_UIStatusBarStyle[sdk=iphonesimulator*]" = UIStatusBarStyleDefault;
				INFOPLIST_KEY_UISupportedInterfaceOrientations_iPad = "UIInterfaceOrientationPortrait UIInterfaceOrientationPortraitUpsideDown UIInterfaceOrientationLandscapeLeft UIInterfaceOrientationLandscapeRight";
				INFOPLIST_KEY_UISupportedInterfaceOrientations_iPhone = "UIInterfaceOrientationPortrait UIInterfaceOrientationLandscapeLeft UIInterfaceOrientationLandscapeRight";
				IPHONEOS_DEPLOYMENT_TARGET = 16.2;
				LD_RUNPATH_SEARCH_PATHS = "@executable_path/Frameworks";
				"LD_RUNPATH_SEARCH_PATHS[sdk=macosx*]" = "@executable_path/../Frameworks";
				MACOSX_DEPLOYMENT_TARGET = 13.1;
				MARKETING_VERSION = 1.0;
				PRODUCT_BUNDLE_IDENTIFIER = "io.kamaal.ETH-Toolkit";
				PRODUCT_NAME = "$(TARGET_NAME)";
				SDKROOT = auto;
				SUPPORTED_PLATFORMS = "iphoneos iphonesimulator macosx";
				SWIFT_EMIT_LOC_STRINGS = YES;
				SWIFT_VERSION = 5.0;
				TARGETED_DEVICE_FAMILY = "1,2";
			};
			name = Debug;
		};
		2CFD73BF29D9D2A400728603 /* Release */ = {
			isa = XCBuildConfiguration;
			buildSettings = {
				ASSETCATALOG_COMPILER_APPICON_NAME = AppIcon;
				ASSETCATALOG_COMPILER_GLOBAL_ACCENT_COLOR_NAME = AccentColor;
				CODE_SIGN_ENTITLEMENTS = "ETH-Toolkit/ETH_Toolkit.entitlements";
				CODE_SIGN_STYLE = Automatic;
				CURRENT_PROJECT_VERSION = 1;
				DEVELOPMENT_ASSET_PATHS = "\"ETH-Toolkit/Preview Content\"";
				DEVELOPMENT_TEAM = DXUKH9VF73;
				ENABLE_HARDENED_RUNTIME = YES;
				ENABLE_PREVIEWS = YES;
				GENERATE_INFOPLIST_FILE = YES;
				"INFOPLIST_KEY_UIApplicationSceneManifest_Generation[sdk=iphoneos*]" = YES;
				"INFOPLIST_KEY_UIApplicationSceneManifest_Generation[sdk=iphonesimulator*]" = YES;
				"INFOPLIST_KEY_UIApplicationSupportsIndirectInputEvents[sdk=iphoneos*]" = YES;
				"INFOPLIST_KEY_UIApplicationSupportsIndirectInputEvents[sdk=iphonesimulator*]" = YES;
				"INFOPLIST_KEY_UILaunchScreen_Generation[sdk=iphoneos*]" = YES;
				"INFOPLIST_KEY_UILaunchScreen_Generation[sdk=iphonesimulator*]" = YES;
				"INFOPLIST_KEY_UIStatusBarStyle[sdk=iphoneos*]" = UIStatusBarStyleDefault;
				"INFOPLIST_KEY_UIStatusBarStyle[sdk=iphonesimulator*]" = UIStatusBarStyleDefault;
				INFOPLIST_KEY_UISupportedInterfaceOrientations_iPad = "UIInterfaceOrientationPortrait UIInterfaceOrientationPortraitUpsideDown UIInterfaceOrientationLandscapeLeft UIInterfaceOrientationLandscapeRight";
				INFOPLIST_KEY_UISupportedInterfaceOrientations_iPhone = "UIInterfaceOrientationPortrait UIInterfaceOrientationLandscapeLeft UIInterfaceOrientationLandscapeRight";
				IPHONEOS_DEPLOYMENT_TARGET = 16.2;
				LD_RUNPATH_SEARCH_PATHS = "@executable_path/Frameworks";
				"LD_RUNPATH_SEARCH_PATHS[sdk=macosx*]" = "@executable_path/../Frameworks";
				MACOSX_DEPLOYMENT_TARGET = 13.1;
				MARKETING_VERSION = 1.0;
				PRODUCT_BUNDLE_IDENTIFIER = "io.kamaal.ETH-Toolkit";
				PRODUCT_NAME = "$(TARGET_NAME)";
				SDKROOT = auto;
				SUPPORTED_PLATFORMS = "iphoneos iphonesimulator macosx";
				SWIFT_EMIT_LOC_STRINGS = YES;
				SWIFT_VERSION = 5.0;
				TARGETED_DEVICE_FAMILY = "1,2";
			};
			name = Release;
		};
/* End XCBuildConfiguration section */

/* Begin XCConfigurationList section */
		2CFD73A929D9D2A100728603 /* Build configuration list for PBXProject "ETH-Toolkit" */ = {
			isa = XCConfigurationList;
			buildConfigurations = (
				2CFD73BB29D9D2A400728603 /* Debug */,
				2CFD73BC29D9D2A400728603 /* Release */,
			);
			defaultConfigurationIsVisible = 0;
			defaultConfigurationName = Release;
		};
		2CFD73BD29D9D2A400728603 /* Build configuration list for PBXNativeTarget "ETH-Toolkit" */ = {
			isa = XCConfigurationList;
			buildConfigurations = (
				2CFD73BE29D9D2A400728603 /* Debug */,
				2CFD73BF29D9D2A400728603 /* Release */,
			);
			defaultConfigurationIsVisible = 0;
			defaultConfigurationName = Release;
		};
/* End XCConfigurationList section */

/* Begin XCRemoteSwiftPackageReference section */
		2CFD73C029D9D35800728603 /* XCRemoteSwiftPackageReference "BetterNavigation" */ = {
			isa = XCRemoteSwiftPackageReference;
			repositoryURL = "https://github.com/kamaal111/BetterNavigation.git";
			requirement = {
				kind = upToNextMinorVersion;
				minimumVersion = 0.4.0;
			};
		};
		2CFD73CA29D9D50900728603 /* XCRemoteSwiftPackageReference "SalmonUI" */ = {
			isa = XCRemoteSwiftPackageReference;
			repositoryURL = "https://github.com/Kamaalio/SalmonUI.git";
			requirement = {
				kind = upToNextMajorVersion;
				minimumVersion = 5.2.0;
			};
		};
/* End XCRemoteSwiftPackageReference section */

/* Begin XCSwiftPackageProductDependency section */
		2CFD73C129D9D35800728603 /* BetterNavigation */ = {
			isa = XCSwiftPackageProductDependency;
			package = 2CFD73C029D9D35800728603 /* XCRemoteSwiftPackageReference "BetterNavigation" */;
			productName = BetterNavigation;
		};
		2CFD73CB29D9D50900728603 /* SalmonUI */ = {
			isa = XCSwiftPackageProductDependency;
			package = 2CFD73CA29D9D50900728603 /* XCRemoteSwiftPackageReference "SalmonUI" */;
			productName = SalmonUI;
		};
/* End XCSwiftPackageProductDependency section */
	};
	rootObject = 2CFD73A629D9D2A100728603 /* Project object */;
}
